
Microsoft Visual Studio Solution File, Format Version 12.00
# Visual Studio Version 17
VisualStudioVersion = 17.13.35818.85 d17.13
MinimumVisualStudioVersion = 10.0.40219.1
Project("{FAE04EC0-301F-11D3-BF4B-00C04F79EFBC}") = "GradesDemo", "GradesDemo\GradesDemo.csproj", "{7ACCAB60-6A13-406A-96C6-C4CCFDA3C7F4}"
EndProject
Global
	GlobalSection(SolutionConfigurationPlatforms) = preSolution
		Debug|Any CPU = Debug|Any CPU
		Release|Any CPU = Release|Any CPU
	EndGlobalSection
	GlobalSection(ProjectConfigurationPlatforms) = postSolution
		{7ACCAB60-6A13-406A-96C6-C4CCFDA3C7F4}.Debug|Any CPU.ActiveCfg = Debug|Any CPU
		{7ACCAB60-6A13-406A-96C6-C4CCFDA3C7F4}.Debug|Any CPU.Build.0 = Debug|Any CPU
		{7ACCAB60-6A13-406A-96C6-C4CCFDA3C7F4}.Release|Any CPU.ActiveCfg = Release|Any CPU
		{7ACCAB60-6A13-406A-96C6-C4CCFDA3C7F4}.Release|Any CPU.Build.0 = Release|Any CPU
	EndGlobalSection
	GlobalSection(SolutionProperties) = preSolution
		HideSolutionNode = FALSE
	EndGlobalSection
	GlobalSection(ExtensibilityGlobals) = postSolution
		SolutionGuid = {01A47E31-577D-4330-AAED-19D3D115335E}
	EndGlobalSection
EndGlobal
